
Microsoft Visual Studio Solution File, Format Version 12.00
# Visual Studio 2013
VisualStudioVersion = 12.0.31101.0
MinimumVisualStudioVersion = 10.0.40219.1
Project("{FAE04EC0-301F-11D3-BF4B-00C04F79EFBC}") = "System.ComponentModel.Composition.Aop", "System.ComponentModel.Composition.Aop\System.ComponentModel.Composition.Aop.csproj", "{3C195D67-D00B-4638-8069-42F52C76462E}"
EndProject
Project("{FAE04EC0-301F-11D3-BF4B-00C04F79EFBC}") = "System.ComponentModel.Composition.Aop.Test", "System.ComponentModel.Composition.Aop.Test\System.ComponentModel.Composition.Aop.Test.csproj", "{01C8256D-CC91-49EE-882E-8524F8F6D6A4}"
EndProject
Project("{FAE04EC0-301F-11D3-BF4B-00C04F79EFBC}") = "System.ComponentModel.Composition.Aop.Sample", "System.ComponentModel.Composition.Aop.Sample\System.ComponentModel.Composition.Aop.Sample.csproj", "{52AD6597-B624-4D7E-8B6E-6673F88D2D9E}"
EndProject
Global
	GlobalSection(TeamFoundationVersionControl) = preSolution
		SccNumberOfProjects = 4
		SccEnterpriseProvider = {4CA58AB2-18FA-4F8D-95D4-32DDF27D184C}
		SccTeamFoundationServer = https://angusqing-projects.visualstudio.com/defaultcollection
		SccLocalPath0 = .
		SccProjectUniqueName1 = System.ComponentModel.Composition.Aop.Sample\\System.ComponentModel.Composition.Aop.Sample.csproj
		SccProjectName1 = System.ComponentModel.Composition.Aop.Sample
		SccLocalPath1 = System.ComponentModel.Composition.Aop.Sample
		SccProjectUniqueName2 = System.ComponentModel.Composition.Aop.Test\\System.ComponentModel.Composition.Aop.Test.csproj
		SccProjectName2 = System.ComponentModel.Composition.Aop.Test
		SccLocalPath2 = System.ComponentModel.Composition.Aop.Test
		SccProjectUniqueName3 = System.ComponentModel.Composition.Aop\\System.ComponentModel.Composition.Aop.csproj
		SccProjectName3 = System.ComponentModel.Composition.Aop
		SccLocalPath3 = System.ComponentModel.Composition.Aop
	EndGlobalSection
	GlobalSection(SolutionConfigurationPlatforms) = preSolution
		Debug|Any CPU = Debug|Any CPU
		Release|Any CPU = Release|Any CPU
	EndGlobalSection
	GlobalSection(ProjectConfigurationPlatforms) = postSolution
		{3C195D67-D00B-4638-8069-42F52C76462E}.Debug|Any CPU.ActiveCfg = Debug|Any CPU
		{3C195D67-D00B-4638-8069-42F52C76462E}.Debug|Any CPU.Build.0 = Debug|Any CPU
		{3C195D67-D00B-4638-8069-42F52C76462E}.Release|Any CPU.ActiveCfg = Release|Any CPU
		{3C195D67-D00B-4638-8069-42F52C76462E}.Release|Any CPU.Build.0 = Release|Any CPU
		{01C8256D-CC91-49EE-882E-8524F8F6D6A4}.Debug|Any CPU.ActiveCfg = Debug|Any CPU
		{01C8256D-CC91-49EE-882E-8524F8F6D6A4}.Debug|Any CPU.Build.0 = Debug|Any CPU
		{01C8256D-CC91-49EE-882E-8524F8F6D6A4}.Release|Any CPU.ActiveCfg = Release|Any CPU
		{01C8256D-CC91-49EE-882E-8524F8F6D6A4}.Release|Any CPU.Build.0 = Release|Any CPU
		{52AD6597-B624-4D7E-8B6E-6673F88D2D9E}.Debug|Any CPU.ActiveCfg = Debug|Any CPU
		{52AD6597-B624-4D7E-8B6E-6673F88D2D9E}.Debug|Any CPU.Build.0 = Debug|Any CPU
		{52AD6597-B624-4D7E-8B6E-6673F88D2D9E}.Release|Any CPU.ActiveCfg = Release|Any CPU
		{52AD6597-B624-4D7E-8B6E-6673F88D2D9E}.Release|Any CPU.Build.0 = Release|Any CPU
	EndGlobalSection
	GlobalSection(SolutionProperties) = preSolution
		HideSolutionNode = FALSE
	EndGlobalSection
EndGlobal
